{
  "originHash" : "b98879f944e498c1559645ae17337220f8652f5a7e518b251d8f7bc58ae27058",
  "pins" : [
    {
      "identity" : "realm-core",
      "kind" : "remoteSourceControl",
      "location" : "https://github.com/realm/realm-core.git",
      "state" : {
        "revision" : "9cf7ef4ad8e2f4c7a519c9a395ca3d253bb87aa8",
        "version" : "14.6.2"
      }
    },
    {
      "identity" : "realm-swift",
      "kind" : "remoteSourceControl",
      "location" : "https://github.com/realm/realm-swift.git",
      "state" : {
        "branch" : "master",
        "revision" : "21ac01d5ae30dcc156e0e43e47c4afe39cc0367f"
      }
    }
  ],
  "version" : 3
}
