// !$*UTF8*$!
{
	archiveVersion = 1;
	classes = {
	};
	objectVersion = 56;
	objects = {

/* Begin PBXBuildFile section */
		BB6067992C09174500F9195A /* MovieDetailView.swift in Sources */ = {isa = PBXBuildFile; fileRef = BB6067982C09174500F9195A /* MovieDetailView.swift */; };
		BB9D9A462C0EA6560044634D /* CountdownCard.swift in Sources */ = {isa = PBXBuildFile; fileRef = BB9D9A452C0EA6560044634D /* CountdownCard.swift */; };
		BBBF56E72C0F15C2006B799B /* OnboardingSteps.swift in Sources */ = {isa = PBXBuildFile; fileRef = BBBF56DE2C0F15C2006B799B /* OnboardingSteps.swift */; };
		BBBF56ED2C0F15C2006B799B /* RealmManager.swift in Sources */ = {isa = PBXBuildFile; fileRef = BBBF56E42C0F15C2006B799B /* RealmManager.swift */; };
		BBBF56EE2C0F15C2006B799B /* Profile.swift in Sources */ = {isa = PBXBuildFile; fileRef = BBBF56E52C0F15C2006B799B /* Profile.swift */; };
		BBBF56EF2C0F15C2006B799B /* AuthController.swift in Sources */ = {isa = PBXBuildFile; fileRef = BBBF56E62C0F15C2006B799B /* AuthController.swift */; };
		BBBF56F82C0F1738006B799B /* RealmSwift in Frameworks */ = {isa = PBXBuildFile; productRef = BBBF56F72C0F1738006B799B /* RealmSwift */; };
		BBEC72312C0F190400D228B0 /* Movie.swift in Sources */ = {isa = PBXBuildFile; fileRef = BBEC72302C0F190400D228B0 /* Movie.swift */; };
		BBEC72332C0F191600D228B0 /* MoviesViewModel.swift in Sources */ = {isa = PBXBuildFile; fileRef = BBEC72322C0F191600D228B0 /* MoviesViewModel.swift */; };
		BBEC72372C0F19BD00D228B0 /* ContentView.swift in Sources */ = {isa = PBXBuildFile; fileRef = BBEC72362C0F19BD00D228B0 /* ContentView.swift */; };
		BBEC72392C0F19C600D228B0 /* BetterBoxdApp.swift in Sources */ = {isa = PBXBuildFile; fileRef = BBEC72382C0F19C600D228B0 /* BetterBoxdApp.swift */; };
		BBEC723B2C0F1A0100D228B0 /* MainView.swift in Sources */ = {isa = PBXBuildFile; fileRef = BBEC723A2C0F1A0100D228B0 /* MainView.swift */; };
		BBEC723E2C0F1A3600D228B0 /* JWTDecode in Frameworks */ = {isa = PBXBuildFile; productRef = BBEC723D2C0F1A3600D228B0 /* JWTDecode */; };
		BBEC72412C0F1A9100D228B0 /* Auth0 in Frameworks */ = {isa = PBXBuildFile; productRef = BBEC72402C0F1A9100D228B0 /* Auth0 */; };
		BBEC72472C0F1B3600D228B0 /* AuthStarterView.swift in Sources */ = {isa = PBXBuildFile; fileRef = BBEC72422C0F1B3600D228B0 /* AuthStarterView.swift */; };
		BBEC72482C0F1B3600D228B0 /* BioInputView.swift in Sources */ = {isa = PBXBuildFile; fileRef = BBEC72432C0F1B3600D228B0 /* BioInputView.swift */; };
		BBEC72492C0F1B3600D228B0 /* OnboardingView.swift in Sources */ = {isa = PBXBuildFile; fileRef = BBEC72442C0F1B3600D228B0 /* OnboardingView.swift */; };
		BBEC724A2C0F1B3600D228B0 /* UserInputView.swift in Sources */ = {isa = PBXBuildFile; fileRef = BBEC72452C0F1B3600D228B0 /* UserInputView.swift */; };
		BBEC724C2C0F1BF300D228B0 /* Auth0.plist in Resources */ = {isa = PBXBuildFile; fileRef = BBEC724B2C0F1BF300D228B0 /* Auth0.plist */; };
		DB2B302D2C0E8F6E000091D7 /* VisualEffectBlur.swift in Sources */ = {isa = PBXBuildFile; fileRef = DB2B302C2C0E8F6E000091D7 /* VisualEffectBlur.swift */; };
		DB34779F2C0E9DCD008AC00E /* Models.swift in Sources */ = {isa = PBXBuildFile; fileRef = DB34779E2C0E9DCD008AC00E /* Models.swift */; };
		DB419A992BFBC10200C676FC /* Assets.xcassets in Resources */ = {isa = PBXBuildFile; fileRef = DB419A982BFBC10200C676FC /* Assets.xcassets */; };
		DB419A9C2BFBC10200C676FC /* Preview Assets.xcassets in Resources */ = {isa = PBXBuildFile; fileRef = DB419A9B2BFBC10200C676FC /* Preview Assets.xcassets */; };
		DBE4C0B02C01368D001B06CA /* Colors.swift in Sources */ = {isa = PBXBuildFile; fileRef = DBE4C0AF2C01368D001B06CA /* Colors.swift */; };
		DBE4C0B52C013838001B06CA /* HomePage.swift in Sources */ = {isa = PBXBuildFile; fileRef = DBE4C0B42C013838001B06CA /* HomePage.swift */; };
		DBE4C0B72C0683CD001B06CA /* MoviesPage.swift in Sources */ = {isa = PBXBuildFile; fileRef = DBE4C0B62C0683CD001B06CA /* MoviesPage.swift */; };
		DBE4C0B92C0683DA001B06CA /* ProfilePage.swift in Sources */ = {isa = PBXBuildFile; fileRef = DBE4C0B82C0683DA001B06CA /* ProfilePage.swift */; };
/* End PBXBuildFile section */

/* Begin PBXCopyFilesBuildPhase section */
		DB3477A12C0ED50D008AC00E /* Embed Frameworks */ = {
			isa = PBXCopyFilesBuildPhase;
			buildActionMask = 2147483647;
			dstPath = "";
			dstSubfolderSpec = 10;
			files = (
			);
			name = "Embed Frameworks";
			runOnlyForDeploymentPostprocessing = 0;
		};
/* End PBXCopyFilesBuildPhase section */

/* Begin PBXFileReference section */
		BB6067982C09174500F9195A /* MovieDetailView.swift */ = {isa = PBXFileReference; lastKnownFileType = sourcecode.swift; path = MovieDetailView.swift; sourceTree = "<group>"; };
		BB9D9A452C0EA6560044634D /* CountdownCard.swift */ = {isa = PBXFileReference; lastKnownFileType = sourcecode.swift; path = CountdownCard.swift; sourceTree = "<group>"; };
		BBBF56DE2C0F15C2006B799B /* OnboardingSteps.swift */ = {isa = PBXFileReference; fileEncoding = 4; lastKnownFileType = sourcecode.swift; path = OnboardingSteps.swift; sourceTree = "<group>"; };
		BBBF56E42C0F15C2006B799B /* RealmManager.swift */ = {isa = PBXFileReference; fileEncoding = 4; lastKnownFileType = sourcecode.swift; path = RealmManager.swift; sourceTree = "<group>"; };
		BBBF56E52C0F15C2006B799B /* Profile.swift */ = {isa = PBXFileReference; fileEncoding = 4; lastKnownFileType = sourcecode.swift; path = Profile.swift; sourceTree = "<group>"; };
		BBBF56E62C0F15C2006B799B /* AuthController.swift */ = {isa = PBXFileReference; fileEncoding = 4; lastKnownFileType = sourcecode.swift; path = AuthController.swift; sourceTree = "<group>"; };
		BBBF56F32C0F16A9006B799B /* Info.plist */ = {isa = PBXFileReference; fileEncoding = 4; lastKnownFileType = text.plist.xml; path = Info.plist; sourceTree = "<group>"; };
		BBEC72302C0F190400D228B0 /* Movie.swift */ = {isa = PBXFileReference; fileEncoding = 4; lastKnownFileType = sourcecode.swift; name = Movie.swift; path = BetterBoxd/Views/Models/Movie.swift; sourceTree = SOURCE_ROOT; };
		BBEC72322C0F191600D228B0 /* MoviesViewModel.swift */ = {isa = PBXFileReference; fileEncoding = 4; lastKnownFileType = sourcecode.swift; name = MoviesViewModel.swift; path = BetterBoxd/Views/Models/MoviesViewModel.swift; sourceTree = SOURCE_ROOT; };
		BBEC72362C0F19BD00D228B0 /* ContentView.swift */ = {isa = PBXFileReference; fileEncoding = 4; lastKnownFileType = sourcecode.swift; path = ContentView.swift; sourceTree = "<group>"; };
		BBEC72382C0F19C600D228B0 /* BetterBoxdApp.swift */ = {isa = PBXFileReference; fileEncoding = 4; lastKnownFileType = sourcecode.swift; path = BetterBoxdApp.swift; sourceTree = "<group>"; };
		BBEC723A2C0F1A0100D228B0 /* MainView.swift */ = {isa = PBXFileReference; lastKnownFileType = sourcecode.swift; path = MainView.swift; sourceTree = "<group>"; };
		BBEC72422C0F1B3600D228B0 /* AuthStarterView.swift */ = {isa = PBXFileReference; fileEncoding = 4; lastKnownFileType = sourcecode.swift; path = AuthStarterView.swift; sourceTree = "<group>"; };
		BBEC72432C0F1B3600D228B0 /* BioInputView.swift */ = {isa = PBXFileReference; fileEncoding = 4; lastKnownFileType = sourcecode.swift; path = BioInputView.swift; sourceTree = "<group>"; };
		BBEC72442C0F1B3600D228B0 /* OnboardingView.swift */ = {isa = PBXFileReference; fileEncoding = 4; lastKnownFileType = sourcecode.swift; path = OnboardingView.swift; sourceTree = "<group>"; };
		BBEC72452C0F1B3600D228B0 /* UserInputView.swift */ = {isa = PBXFileReference; fileEncoding = 4; lastKnownFileType = sourcecode.swift; path = UserInputView.swift; sourceTree = "<group>"; };
		BBEC724B2C0F1BF300D228B0 /* Auth0.plist */ = {isa = PBXFileReference; lastKnownFileType = text.plist.xml; path = Auth0.plist; sourceTree = "<group>"; };
		DB2B302C2C0E8F6E000091D7 /* VisualEffectBlur.swift */ = {isa = PBXFileReference; lastKnownFileType = sourcecode.swift; path = VisualEffectBlur.swift; sourceTree = "<group>"; };
		DB34779E2C0E9DCD008AC00E /* Models.swift */ = {isa = PBXFileReference; lastKnownFileType = sourcecode.swift; path = Models.swift; sourceTree = "<group>"; };
		DB419A912BFBC0FF00C676FC /* BetterBoxd.app */ = {isa = PBXFileReference; explicitFileType = wrapper.application; includeInIndex = 0; path = BetterBoxd.app; sourceTree = BUILT_PRODUCTS_DIR; };
		DB419A982BFBC10200C676FC /* Assets.xcassets */ = {isa = PBXFileReference; lastKnownFileType = folder.assetcatalog; path = Assets.xcassets; sourceTree = "<group>"; };
		DB419A9B2BFBC10200C676FC /* Preview Assets.xcassets */ = {isa = PBXFileReference; lastKnownFileType = folder.assetcatalog; path = "Preview Assets.xcassets"; sourceTree = "<group>"; };
		DBE4C0AF2C01368D001B06CA /* Colors.swift */ = {isa = PBXFileReference; lastKnownFileType = sourcecode.swift; path = Colors.swift; sourceTree = "<group>"; };
		DBE4C0B42C013838001B06CA /* HomePage.swift */ = {isa = PBXFileReference; lastKnownFileType = sourcecode.swift; path = HomePage.swift; sourceTree = "<group>"; };
		DBE4C0B62C0683CD001B06CA /* MoviesPage.swift */ = {isa = PBXFileReference; lastKnownFileType = sourcecode.swift; path = MoviesPage.swift; sourceTree = "<group>"; };
		DBE4C0B82C0683DA001B06CA /* ProfilePage.swift */ = {isa = PBXFileReference; lastKnownFileType = sourcecode.swift; path = ProfilePage.swift; sourceTree = "<group>"; };
/* End PBXFileReference section */

/* Begin PBXFrameworksBuildPhase section */
		DB419A8E2BFBC0FF00C676FC /* Frameworks */ = {
			isa = PBXFrameworksBuildPhase;
			buildActionMask = 2147483647;
			files = (
				BBEC72412C0F1A9100D228B0 /* Auth0 in Frameworks */,
				BBEC723E2C0F1A3600D228B0 /* JWTDecode in Frameworks */,
				BBBF56F82C0F1738006B799B /* RealmSwift in Frameworks */,
			);
			runOnlyForDeploymentPostprocessing = 0;
		};
/* End PBXFrameworksBuildPhase section */

/* Begin PBXGroup section */
		BBB08F022C0F15500018B07C /* Views2 */ = {
			isa = PBXGroup;
			children = (
				BBBF56E62C0F15C2006B799B /* AuthController.swift */,
				BBBF56DE2C0F15C2006B799B /* OnboardingSteps.swift */,
				BBBF56E52C0F15C2006B799B /* Profile.swift */,
				BBBF56E42C0F15C2006B799B /* RealmManager.swift */,
			);
			path = Views2;
			sourceTree = "<group>";
		};
		BBEC72462C0F1B3600D228B0 /* OnboardingPages */ = {
			isa = PBXGroup;
			children = (
				BBEC72422C0F1B3600D228B0 /* AuthStarterView.swift */,
				BBEC72432C0F1B3600D228B0 /* BioInputView.swift */,
				BBEC72442C0F1B3600D228B0 /* OnboardingView.swift */,
				BBEC72452C0F1B3600D228B0 /* UserInputView.swift */,
			);
			path = OnboardingPages;
			sourceTree = "<group>";
		};
		DB3477A82C0EF1E5008AC00E /* Frameworks */ = {
			isa = PBXGroup;
			children = (
			);
			name = Frameworks;
			sourceTree = "<group>";
		};
		DB419A882BFBC0FF00C676FC = {
			isa = PBXGroup;
			children = (
				DB419A932BFBC0FF00C676FC /* BetterBoxd */,
				DB419A922BFBC0FF00C676FC /* Products */,
				DB3477A82C0EF1E5008AC00E /* Frameworks */,
			);
			sourceTree = "<group>";
		};
		DB419A922BFBC0FF00C676FC /* Products */ = {
			isa = PBXGroup;
			children = (
				DB419A912BFBC0FF00C676FC /* BetterBoxd.app */,
			);
			name = Products;
			sourceTree = "<group>";
		};
		DB419A932BFBC0FF00C676FC /* BetterBoxd */ = {
			isa = PBXGroup;
			children = (
				BBEC72382C0F19C600D228B0 /* BetterBoxdApp.swift */,
				BBBF56F32C0F16A9006B799B /* Info.plist */,
				DBE4C0AB2C01363A001B06CA /* Models */,
				DBE4C0A92C01361E001B06CA /* Utils */,
				DBE4C0A82C01360D001B06CA /* Views */,
				DB419A982BFBC10200C676FC /* Assets.xcassets */,
				DB419A9A2BFBC10200C676FC /* Preview Content */,
				BBEC724B2C0F1BF300D228B0 /* Auth0.plist */,
			);
			path = BetterBoxd;
			sourceTree = "<group>";
		};
		DB419A9A2BFBC10200C676FC /* Preview Content */ = {
			isa = PBXGroup;
			children = (
				DB419A9B2BFBC10200C676FC /* Preview Assets.xcassets */,
			);
			path = "Preview Content";
			sourceTree = "<group>";
		};
		DBE4C0A82C01360D001B06CA /* Views */ = {
			isa = PBXGroup;
			children = (
				BBEC72462C0F1B3600D228B0 /* OnboardingPages */,
				BBEC72362C0F19BD00D228B0 /* ContentView.swift */,
				BBB08F022C0F15500018B07C /* Views2 */,
				DBE4C0AE2C013673001B06CA /* MoviesPage */,
				DBE4C0AD2C01366D001B06CA /* ProfilePage */,
				DBE4C0AC2C013665001B06CA /* HomePage */,
				BBEC723A2C0F1A0100D228B0 /* MainView.swift */,
			);
			path = Views;
			sourceTree = "<group>";
		};
		DBE4C0A92C01361E001B06CA /* Utils */ = {
			isa = PBXGroup;
			children = (
				DBE4C0AF2C01368D001B06CA /* Colors.swift */,
				DB2B302C2C0E8F6E000091D7 /* VisualEffectBlur.swift */,
			);
			path = Utils;
			sourceTree = "<group>";
		};
		DBE4C0AB2C01363A001B06CA /* Models */ = {
			isa = PBXGroup;
			children = (
				BBEC72302C0F190400D228B0 /* Movie.swift */,
				BBEC72322C0F191600D228B0 /* MoviesViewModel.swift */,
				DB34779E2C0E9DCD008AC00E /* Models.swift */,
			);
			path = Models;
			sourceTree = "<group>";
		};
		DBE4C0AC2C013665001B06CA /* HomePage */ = {
			isa = PBXGroup;
			children = (
				DBE4C0B42C013838001B06CA /* HomePage.swift */,
				BB9D9A452C0EA6560044634D /* CountdownCard.swift */,
			);
			path = HomePage;
			sourceTree = "<group>";
		};
		DBE4C0AD2C01366D001B06CA /* ProfilePage */ = {
			isa = PBXGroup;
			children = (
				DBE4C0B82C0683DA001B06CA /* ProfilePage.swift */,
			);
			path = ProfilePage;
			sourceTree = "<group>";
		};
		DBE4C0AE2C013673001B06CA /* MoviesPage */ = {
			isa = PBXGroup;
			children = (
				BB6067982C09174500F9195A /* MovieDetailView.swift */,
				DBE4C0B62C0683CD001B06CA /* MoviesPage.swift */,
			);
			path = MoviesPage;
			sourceTree = "<group>";
		};
/* End PBXGroup section */

/* Begin PBXNativeTarget section */
		DB419A902BFBC0FF00C676FC /* BetterBoxd */ = {
			isa = PBXNativeTarget;
			buildConfigurationList = DB419A9F2BFBC10200C676FC /* Build configuration list for PBXNativeTarget "BetterBoxd" */;
			buildPhases = (
				DB419A8D2BFBC0FF00C676FC /* Sources */,
				DB419A8E2BFBC0FF00C676FC /* Frameworks */,
				DB419A8F2BFBC0FF00C676FC /* Resources */,
				DB3477A12C0ED50D008AC00E /* Embed Frameworks */,
			);
			buildRules = (
			);
			dependencies = (
			);
			name = BetterBoxd;
			packageProductDependencies = (
				BBBF56F72C0F1738006B799B /* RealmSwift */,
				BBEC723D2C0F1A3600D228B0 /* JWTDecode */,
				BBEC72402C0F1A9100D228B0 /* Auth0 */,
			);
			productName = BetterBoxd;
			productReference = DB419A912BFBC0FF00C676FC /* BetterBoxd.app */;
			productType = "com.apple.product-type.application";
		};
/* End PBXNativeTarget section */

/* Begin PBXProject section */
		DB419A892BFBC0FF00C676FC /* Project object */ = {
			isa = PBXProject;
			attributes = {
				BuildIndependentTargetsInParallel = 1;
				LastSwiftUpdateCheck = 1540;
				LastUpgradeCheck = 1540;
				TargetAttributes = {
					DB419A902BFBC0FF00C676FC = {
						CreatedOnToolsVersion = 15.4;
					};
				};
			};
			buildConfigurationList = DB419A8C2BFBC0FF00C676FC /* Build configuration list for PBXProject "BetterBoxd" */;
			compatibilityVersion = "Xcode 14.0";
			developmentRegion = en;
			hasScannedForEncodings = 0;
			knownRegions = (
				en,
				Base,
			);
			mainGroup = DB419A882BFBC0FF00C676FC;
			packageReferences = (
				DB3477992C0E96D4008AC00E /* XCRemoteSwiftPackageReference "realm-swift" */,
				BBEC723C2C0F1A3600D228B0 /* XCRemoteSwiftPackageReference "JWTDecode" */,
				BBEC723F2C0F1A9100D228B0 /* XCRemoteSwiftPackageReference "Auth0" */,
			);
			productRefGroup = DB419A922BFBC0FF00C676FC /* Products */;
			projectDirPath = "";
			projectRoot = "";
			targets = (
				DB419A902BFBC0FF00C676FC /* BetterBoxd */,
			);
		};
/* End PBXProject section */

/* Begin PBXResourcesBuildPhase section */
		DB419A8F2BFBC0FF00C676FC /* Resources */ = {
			isa = PBXResourcesBuildPhase;
			buildActionMask = 2147483647;
			files = (
				DB419A9C2BFBC10200C676FC /* Preview Assets.xcassets in Resources */,
				BBEC724C2C0F1BF300D228B0 /* Auth0.plist in Resources */,
				DB419A992BFBC10200C676FC /* Assets.xcassets in Resources */,
			);
			runOnlyForDeploymentPostprocessing = 0;
		};
/* End PBXResourcesBuildPhase section */

/* Begin PBXSourcesBuildPhase section */
		DB419A8D2BFBC0FF00C676FC /* Sources */ = {
			isa = PBXSourcesBuildPhase;
			buildActionMask = 2147483647;
			files = (
				BBBF56E72C0F15C2006B799B /* OnboardingSteps.swift in Sources */,
				BBBF56EE2C0F15C2006B799B /* Profile.swift in Sources */,
				BBEC72372C0F19BD00D228B0 /* ContentView.swift in Sources */,
				BBEC72312C0F190400D228B0 /* Movie.swift in Sources */,
				DB34779F2C0E9DCD008AC00E /* Models.swift in Sources */,
				DBE4C0B52C013838001B06CA /* HomePage.swift in Sources */,
				BBEC72472C0F1B3600D228B0 /* AuthStarterView.swift in Sources */,
				BB6067992C09174500F9195A /* MovieDetailView.swift in Sources */,
				BB9D9A462C0EA6560044634D /* CountdownCard.swift in Sources */,
				BBBF56ED2C0F15C2006B799B /* RealmManager.swift in Sources */,
				BBEC724A2C0F1B3600D228B0 /* UserInputView.swift in Sources */,
				DB2B302D2C0E8F6E000091D7 /* VisualEffectBlur.swift in Sources */,
				DBE4C0B92C0683DA001B06CA /* ProfilePage.swift in Sources */,
				BBEC723B2C0F1A0100D228B0 /* MainView.swift in Sources */,
				BBEC72492C0F1B3600D228B0 /* OnboardingView.swift in Sources */,
				BBEC72392C0F19C600D228B0 /* BetterBoxdApp.swift in Sources */,
				BBEC72332C0F191600D228B0 /* MoviesViewModel.swift in Sources */,
				DBE4C0B02C01368D001B06CA /* Colors.swift in Sources */,
				DBE4C0B72C0683CD001B06CA /* MoviesPage.swift in Sources */,
				BBEC72482C0F1B3600D228B0 /* BioInputView.swift in Sources */,
				BBBF56EF2C0F15C2006B799B /* AuthController.swift in Sources */,
			);
			runOnlyForDeploymentPostprocessing = 0;
		};
/* End PBXSourcesBuildPhase section */

/* Begin XCBuildConfiguration section */
		DB419A9D2BFBC10200C676FC /* Debug */ = {
			isa = XCBuildConfiguration;
			buildSettings = {
				ALWAYS_SEARCH_USER_PATHS = NO;
				ASSETCATALOG_COMPILER_GENERATE_SWIFT_ASSET_SYMBOL_EXTENSIONS = YES;
				CLANG_ANALYZER_NONNULL = YES;
				CLANG_ANALYZER_NUMBER_OBJECT_CONVERSION = YES_AGGRESSIVE;
				CLANG_CXX_LANGUAGE_STANDARD = "gnu++20";
				CLANG_ENABLE_MODULES = YES;
				CLANG_ENABLE_OBJC_ARC = YES;
				CLANG_ENABLE_OBJC_WEAK = YES;
				CLANG_WARN_BLOCK_CAPTURE_AUTORELEASING = YES;
				CLANG_WARN_BOOL_CONVERSION = YES;
				CLANG_WARN_COMMA = YES;
				CLANG_WARN_CONSTANT_CONVERSION = YES;
				CLANG_WARN_DEPRECATED_OBJC_IMPLEMENTATIONS = YES;
				CLANG_WARN_DIRECT_OBJC_ISA_USAGE = YES_ERROR;
				CLANG_WARN_DOCUMENTATION_COMMENTS = YES;
				CLANG_WARN_EMPTY_BODY = YES;
				CLANG_WARN_ENUM_CONVERSION = YES;
				CLANG_WARN_INFINITE_RECURSION = YES;
				CLANG_WARN_INT_CONVERSION = YES;
				CLANG_WARN_NON_LITERAL_NULL_CONVERSION = YES;
				CLANG_WARN_OBJC_IMPLICIT_RETAIN_SELF = YES;
				CLANG_WARN_OBJC_LITERAL_CONVERSION = YES;
				CLANG_WARN_OBJC_ROOT_CLASS = YES_ERROR;
				CLANG_WARN_QUOTED_INCLUDE_IN_FRAMEWORK_HEADER = YES;
				CLANG_WARN_RANGE_LOOP_ANALYSIS = YES;
				CLANG_WARN_STRICT_PROTOTYPES = YES;
				CLANG_WARN_SUSPICIOUS_MOVE = YES;
				CLANG_WARN_UNGUARDED_AVAILABILITY = YES_AGGRESSIVE;
				CLANG_WARN_UNREACHABLE_CODE = YES;
				CLANG_WARN__DUPLICATE_METHOD_MATCH = YES;
				COPY_PHASE_STRIP = NO;
				DEBUG_INFORMATION_FORMAT = dwarf;
				ENABLE_STRICT_OBJC_MSGSEND = YES;
				ENABLE_TESTABILITY = YES;
				ENABLE_USER_SCRIPT_SANDBOXING = YES;
				GCC_C_LANGUAGE_STANDARD = gnu17;
				GCC_DYNAMIC_NO_PIC = NO;
				GCC_NO_COMMON_BLOCKS = YES;
				GCC_OPTIMIZATION_LEVEL = 0;
				GCC_PREPROCESSOR_DEFINITIONS = (
					"DEBUG=1",
					"$(inherited)",
				);
				GCC_WARN_64_TO_32_BIT_CONVERSION = YES;
				GCC_WARN_ABOUT_RETURN_TYPE = YES_ERROR;
				GCC_WARN_UNDECLARED_SELECTOR = YES;
				GCC_WARN_UNINITIALIZED_AUTOS = YES_AGGRESSIVE;
				GCC_WARN_UNUSED_FUNCTION = YES;
				GCC_WARN_UNUSED_VARIABLE = YES;
				IPHONEOS_DEPLOYMENT_TARGET = 17.5;
				LOCALIZATION_PREFERS_STRING_CATALOGS = YES;
				MTL_ENABLE_DEBUG_INFO = INCLUDE_SOURCE;
				MTL_FAST_MATH = YES;
				ONLY_ACTIVE_ARCH = YES;
				SDKROOT = iphoneos;
				SWIFT_ACTIVE_COMPILATION_CONDITIONS = "DEBUG $(inherited)";
				SWIFT_OPTIMIZATION_LEVEL = "-Onone";
			};
			name = Debug;
		};
		DB419A9E2BFBC10200C676FC /* Release */ = {
			isa = XCBuildConfiguration;
			buildSettings = {
				ALWAYS_SEARCH_USER_PATHS = NO;
				ASSETCATALOG_COMPILER_GENERATE_SWIFT_ASSET_SYMBOL_EXTENSIONS = YES;
				CLANG_ANALYZER_NONNULL = YES;
				CLANG_ANALYZER_NUMBER_OBJECT_CONVERSION = YES_AGGRESSIVE;
				CLANG_CXX_LANGUAGE_STANDARD = "gnu++20";
				CLANG_ENABLE_MODULES = YES;
				CLANG_ENABLE_OBJC_ARC = YES;
				CLANG_ENABLE_OBJC_WEAK = YES;
				CLANG_WARN_BLOCK_CAPTURE_AUTORELEASING = YES;
				CLANG_WARN_BOOL_CONVERSION = YES;
				CLANG_WARN_COMMA = YES;
				CLANG_WARN_CONSTANT_CONVERSION = YES;
				CLANG_WARN_DEPRECATED_OBJC_IMPLEMENTATIONS = YES;
				CLANG_WARN_DIRECT_OBJC_ISA_USAGE = YES_ERROR;
				CLANG_WARN_DOCUMENTATION_COMMENTS = YES;
				CLANG_WARN_EMPTY_BODY = YES;
				CLANG_WARN_ENUM_CONVERSION = YES;
				CLANG_WARN_INFINITE_RECURSION = YES;
				CLANG_WARN_INT_CONVERSION = YES;
				CLANG_WARN_NON_LITERAL_NULL_CONVERSION = YES;
				CLANG_WARN_OBJC_IMPLICIT_RETAIN_SELF = YES;
				CLANG_WARN_OBJC_LITERAL_CONVERSION = YES;
				CLANG_WARN_OBJC_ROOT_CLASS = YES_ERROR;
				CLANG_WARN_QUOTED_INCLUDE_IN_FRAMEWORK_HEADER = YES;
				CLANG_WARN_RANGE_LOOP_ANALYSIS = YES;
				CLANG_WARN_STRICT_PROTOTYPES = YES;
				CLANG_WARN_SUSPICIOUS_MOVE = YES;
				CLANG_WARN_UNGUARDED_AVAILABILITY = YES_AGGRESSIVE;
				CLANG_WARN_UNREACHABLE_CODE = YES;
				CLANG_WARN__DUPLICATE_METHOD_MATCH = YES;
				COPY_PHASE_STRIP = NO;
				DEBUG_INFORMATION_FORMAT = "dwarf-with-dsym";
				ENABLE_NS_ASSERTIONS = NO;
				ENABLE_STRICT_OBJC_MSGSEND = YES;
				ENABLE_USER_SCRIPT_SANDBOXING = YES;
				GCC_C_LANGUAGE_STANDARD = gnu17;
				GCC_NO_COMMON_BLOCKS = YES;
				GCC_WARN_64_TO_32_BIT_CONVERSION = YES;
				GCC_WARN_ABOUT_RETURN_TYPE = YES_ERROR;
				GCC_WARN_UNDECLARED_SELECTOR = YES;
				GCC_WARN_UNINITIALIZED_AUTOS = YES_AGGRESSIVE;
				GCC_WARN_UNUSED_FUNCTION = YES;
				GCC_WARN_UNUSED_VARIABLE = YES;
				IPHONEOS_DEPLOYMENT_TARGET = 17.5;
				LOCALIZATION_PREFERS_STRING_CATALOGS = YES;
				MTL_ENABLE_DEBUG_INFO = NO;
				MTL_FAST_MATH = YES;
				SDKROOT = iphoneos;
				SWIFT_COMPILATION_MODE = wholemodule;
				VALIDATE_PRODUCT = YES;
			};
			name = Release;
		};
		DB419AA02BFBC10200C676FC /* Debug */ = {
			isa = XCBuildConfiguration;
			buildSettings = {
				ASSETCATALOG_COMPILER_APPICON_NAME = AppIcon;
				ASSETCATALOG_COMPILER_GLOBAL_ACCENT_COLOR_NAME = AccentColor;
				CODE_SIGN_STYLE = Automatic;
				CURRENT_PROJECT_VERSION = 1;
				DEVELOPMENT_ASSET_PATHS = "\"BetterBoxd/Preview Content\"";
				DEVELOPMENT_TEAM = FV8X8GGK72;
				ENABLE_PREVIEWS = YES;
				GENERATE_INFOPLIST_FILE = YES;
				INFOPLIST_FILE = BetterBoxd/Info.plist;
				INFOPLIST_KEY_UIApplicationSceneManifest_Generation = YES;
				INFOPLIST_KEY_UIApplicationSupportsIndirectInputEvents = YES;
				INFOPLIST_KEY_UILaunchScreen_Generation = YES;
				INFOPLIST_KEY_UISupportedInterfaceOrientations_iPad = "UIInterfaceOrientationPortrait UIInterfaceOrientationPortraitUpsideDown UIInterfaceOrientationLandscapeLeft UIInterfaceOrientationLandscapeRight";
				INFOPLIST_KEY_UISupportedInterfaceOrientations_iPhone = "UIInterfaceOrientationPortrait UIInterfaceOrientationLandscapeLeft UIInterfaceOrientationLandscapeRight";
				LD_RUNPATH_SEARCH_PATHS = (
					"$(inherited)",
					"@executable_path/Frameworks",
				);
				MARKETING_VERSION = 1.0;
				PRODUCT_BUNDLE_IDENTIFIER = edu.uw.ischool.shiina12.BetterBoxd;
				PRODUCT_NAME = "$(TARGET_NAME)";
				SWIFT_EMIT_LOC_STRINGS = YES;
				SWIFT_VERSION = 5.0;
				TARGETED_DEVICE_FAMILY = "1,2";
			};
			name = Debug;
		};
		DB419AA12BFBC10200C676FC /* Release */ = {
			isa = XCBuildConfiguration;
			buildSettings = {
				ASSETCATALOG_COMPILER_APPICON_NAME = AppIcon;
				ASSETCATALOG_COMPILER_GLOBAL_ACCENT_COLOR_NAME = AccentColor;
				CODE_SIGN_STYLE = Automatic;
				CURRENT_PROJECT_VERSION = 1;
				DEVELOPMENT_ASSET_PATHS = "\"BetterBoxd/Preview Content\"";
				DEVELOPMENT_TEAM = FV8X8GGK72;
				ENABLE_PREVIEWS = YES;
				GENERATE_INFOPLIST_FILE = YES;
				INFOPLIST_FILE = BetterBoxd/Info.plist;
				INFOPLIST_KEY_UIApplicationSceneManifest_Generation = YES;
				INFOPLIST_KEY_UIApplicationSupportsIndirectInputEvents = YES;
				INFOPLIST_KEY_UILaunchScreen_Generation = YES;
				INFOPLIST_KEY_UISupportedInterfaceOrientations_iPad = "UIInterfaceOrientationPortrait UIInterfaceOrientationPortraitUpsideDown UIInterfaceOrientationLandscapeLeft UIInterfaceOrientationLandscapeRight";
				INFOPLIST_KEY_UISupportedInterfaceOrientations_iPhone = "UIInterfaceOrientationPortrait UIInterfaceOrientationLandscapeLeft UIInterfaceOrientationLandscapeRight";
				LD_RUNPATH_SEARCH_PATHS = (
					"$(inherited)",
					"@executable_path/Frameworks",
				);
				MARKETING_VERSION = 1.0;
				PRODUCT_BUNDLE_IDENTIFIER = edu.uw.ischool.shiina12.BetterBoxd;
				PRODUCT_NAME = "$(TARGET_NAME)";
				SWIFT_EMIT_LOC_STRINGS = YES;
				SWIFT_VERSION = 5.0;
				TARGETED_DEVICE_FAMILY = "1,2";
			};
			name = Release;
		};
/* End XCBuildConfiguration section */

/* Begin XCConfigurationList section */
		DB419A8C2BFBC0FF00C676FC /* Build configuration list for PBXProject "BetterBoxd" */ = {
			isa = XCConfigurationList;
			buildConfigurations = (
				DB419A9D2BFBC10200C676FC /* Debug */,
				DB419A9E2BFBC10200C676FC /* Release */,
			);
			defaultConfigurationIsVisible = 0;
			defaultConfigurationName = Release;
		};
		DB419A9F2BFBC10200C676FC /* Build configuration list for PBXNativeTarget "BetterBoxd" */ = {
			isa = XCConfigurationList;
			buildConfigurations = (
				DB419AA02BFBC10200C676FC /* Debug */,
				DB419AA12BFBC10200C676FC /* Release */,
			);
			defaultConfigurationIsVisible = 0;
			defaultConfigurationName = Release;
		};
/* End XCConfigurationList section */

/* Begin XCRemoteSwiftPackageReference section */
		BBEC723C2C0F1A3600D228B0 /* XCRemoteSwiftPackageReference "JWTDecode" */ = {
			isa = XCRemoteSwiftPackageReference;
			repositoryURL = "https://github.com/auth0/JWTDecode.swift";
			requirement = {
				kind = upToNextMajorVersion;
				minimumVersion = 3.1.0;
			};
		};
		BBEC723F2C0F1A9100D228B0 /* XCRemoteSwiftPackageReference "Auth0" */ = {
			isa = XCRemoteSwiftPackageReference;
			repositoryURL = "https://github.com/auth0/Auth0.swift";
			requirement = {
				kind = upToNextMajorVersion;
				minimumVersion = 2.7.2;
			};
		};
		DB3477992C0E96D4008AC00E /* XCRemoteSwiftPackageReference "realm-swift" */ = {
			isa = XCRemoteSwiftPackageReference;
			repositoryURL = "https://github.com/realm/realm-swift.git";
			requirement = {
				branch = master;
				kind = branch;
			};
		};
/* End XCRemoteSwiftPackageReference section */

/* Begin XCSwiftPackageProductDependency section */
		BBBF56F72C0F1738006B799B /* RealmSwift */ = {
			isa = XCSwiftPackageProductDependency;
			productName = RealmSwift;
		};
		BBEC723D2C0F1A3600D228B0 /* JWTDecode */ = {
			isa = XCSwiftPackageProductDependency;
			package = BBEC723C2C0F1A3600D228B0 /* XCRemoteSwiftPackageReference "JWTDecode" */;
			productName = JWTDecode;
		};
		BBEC72402C0F1A9100D228B0 /* Auth0 */ = {
			isa = XCSwiftPackageProductDependency;
			package = BBEC723F2C0F1A9100D228B0 /* XCRemoteSwiftPackageReference "Auth0" */;
			productName = Auth0;
		};
/* End XCSwiftPackageProductDependency section */
	};
	rootObject = DB419A892BFBC0FF00C676FC /* Project object */;
}
