// !$*UTF8*$!
{
	archiveVersion = 1;
	classes = {
	};
	objectVersion = 56;
	objects = {

/* Begin PBXBuildFile section */
		BB121E632C08F97C00D00A5E /* Movie.swift in Sources */ = {isa = PBXBuildFile; fileRef = BB121E622C08F97C00D00A5E /* Movie.swift */; };
		BB121E672C08FB8100D00A5E /* MoviesViewModel.swift in Sources */ = {isa = PBXBuildFile; fileRef = BB121E662C08FB8100D00A5E /* MoviesViewModel.swift */; };
		BB6067992C09174500F9195A /* MovieDetailView.swift in Sources */ = {isa = PBXBuildFile; fileRef = BB6067982C09174500F9195A /* MovieDetailView.swift */; };
		DB419A952BFBC0FF00C676FC /* BetterBoxdApp.swift in Sources */ = {isa = PBXBuildFile; fileRef = DB419A942BFBC0FF00C676FC /* BetterBoxdApp.swift */; };
		DB419A992BFBC10200C676FC /* Assets.xcassets in Resources */ = {isa = PBXBuildFile; fileRef = DB419A982BFBC10200C676FC /* Assets.xcassets */; };
		DB419A9C2BFBC10200C676FC /* Preview Assets.xcassets in Resources */ = {isa = PBXBuildFile; fileRef = DB419A9B2BFBC10200C676FC /* Preview Assets.xcassets */; };
		DB55D3362C0938D6003647CA /* info.plist in Resources */ = {isa = PBXBuildFile; fileRef = DB55D3352C0938D6003647CA /* info.plist */; };
		DBE4C0B02C01368D001B06CA /* Colors.swift in Sources */ = {isa = PBXBuildFile; fileRef = DBE4C0AF2C01368D001B06CA /* Colors.swift */; };
		DBE4C0B52C013838001B06CA /* HomePage.swift in Sources */ = {isa = PBXBuildFile; fileRef = DBE4C0B42C013838001B06CA /* HomePage.swift */; };
		DBE4C0B72C0683CD001B06CA /* MoviesPage.swift in Sources */ = {isa = PBXBuildFile; fileRef = DBE4C0B62C0683CD001B06CA /* MoviesPage.swift */; };
		DBE4C0B92C0683DA001B06CA /* ProfilePage.swift in Sources */ = {isa = PBXBuildFile; fileRef = DBE4C0B82C0683DA001B06CA /* ProfilePage.swift */; };
		DBE4C0BB2C068552001B06CA /* MainView.swift in Sources */ = {isa = PBXBuildFile; fileRef = DBE4C0BA2C068552001B06CA /* MainView.swift */; };
/* End PBXBuildFile section */

/* Begin PBXFileReference section */
		BB121E622C08F97C00D00A5E /* Movie.swift */ = {isa = PBXFileReference; lastKnownFileType = sourcecode.swift; name = Movie.swift; path = BetterBoxd/Views/Movie.swift; sourceTree = SOURCE_ROOT; };
		BB121E662C08FB8100D00A5E /* MoviesViewModel.swift */ = {isa = PBXFileReference; lastKnownFileType = sourcecode.swift; name = MoviesViewModel.swift; path = BetterBoxd/Utils/MoviesViewModel.swift; sourceTree = SOURCE_ROOT; };
		BB6067982C09174500F9195A /* MovieDetailView.swift */ = {isa = PBXFileReference; lastKnownFileType = sourcecode.swift; path = MovieDetailView.swift; sourceTree = "<group>"; };
		DB419A912BFBC0FF00C676FC /* BetterBoxd.app */ = {isa = PBXFileReference; explicitFileType = wrapper.application; includeInIndex = 0; path = BetterBoxd.app; sourceTree = BUILT_PRODUCTS_DIR; };
		DB419A942BFBC0FF00C676FC /* BetterBoxdApp.swift */ = {isa = PBXFileReference; lastKnownFileType = sourcecode.swift; path = BetterBoxdApp.swift; sourceTree = "<group>"; };
		DB419A982BFBC10200C676FC /* Assets.xcassets */ = {isa = PBXFileReference; lastKnownFileType = folder.assetcatalog; path = Assets.xcassets; sourceTree = "<group>"; };
		DB419A9B2BFBC10200C676FC /* Preview Assets.xcassets */ = {isa = PBXFileReference; lastKnownFileType = folder.assetcatalog; path = "Preview Assets.xcassets"; sourceTree = "<group>"; };
		DB55D3352C0938D6003647CA /* info.plist */ = {isa = PBXFileReference; lastKnownFileType = text.plist.xml; path = info.plist; sourceTree = "<group>"; };
		DBE4C0AF2C01368D001B06CA /* Colors.swift */ = {isa = PBXFileReference; lastKnownFileType = sourcecode.swift; path = Colors.swift; sourceTree = "<group>"; };
		DBE4C0B42C013838001B06CA /* HomePage.swift */ = {isa = PBXFileReference; lastKnownFileType = sourcecode.swift; path = HomePage.swift; sourceTree = "<group>"; };
		DBE4C0B62C0683CD001B06CA /* MoviesPage.swift */ = {isa = PBXFileReference; lastKnownFileType = sourcecode.swift; path = MoviesPage.swift; sourceTree = "<group>"; };
		DBE4C0B82C0683DA001B06CA /* ProfilePage.swift */ = {isa = PBXFileReference; lastKnownFileType = sourcecode.swift; path = ProfilePage.swift; sourceTree = "<group>"; };
		DBE4C0BA2C068552001B06CA /* MainView.swift */ = {isa = PBXFileReference; lastKnownFileType = sourcecode.swift; path = MainView.swift; sourceTree = "<group>"; };
/* End PBXFileReference section */

/* Begin PBXFrameworksBuildPhase section */
		DB419A8E2BFBC0FF00C676FC /* Frameworks */ = {
			isa = PBXFrameworksBuildPhase;
			buildActionMask = 2147483647;
			files = (
			);
			runOnlyForDeploymentPostprocessing = 0;
		};
/* End PBXFrameworksBuildPhase section */

/* Begin PBXGroup section */
		DB419A882BFBC0FF00C676FC = {
			isa = PBXGroup;
			children = (
				DB419A932BFBC0FF00C676FC /* BetterBoxd */,
				DB419A922BFBC0FF00C676FC /* Products */,
			);
			sourceTree = "<group>";
		};
		DB419A922BFBC0FF00C676FC /* Products */ = {
			isa = PBXGroup;
			children = (
				DB419A912BFBC0FF00C676FC /* BetterBoxd.app */,
			);
			name = Products;
			sourceTree = "<group>";
		};
		DB419A932BFBC0FF00C676FC /* BetterBoxd */ = {
			isa = PBXGroup;
			children = (
				DBE4C0AB2C01363A001B06CA /* Models */,
				DBE4C0AA2C013625001B06CA /* Resources */,
				DBE4C0A92C01361E001B06CA /* Utils */,
				DBE4C0A82C01360D001B06CA /* Views */,
				DB419A942BFBC0FF00C676FC /* BetterBoxdApp.swift */,
				DB419A982BFBC10200C676FC /* Assets.xcassets */,
				DB419A9A2BFBC10200C676FC /* Preview Content */,
				DB55D3352C0938D6003647CA /* info.plist */,
			);
			path = BetterBoxd;
			sourceTree = "<group>";
		};
		DB419A9A2BFBC10200C676FC /* Preview Content */ = {
			isa = PBXGroup;
			children = (
				DB419A9B2BFBC10200C676FC /* Preview Assets.xcassets */,
			);
			path = "Preview Content";
			sourceTree = "<group>";
		};
		DBE4C0A82C01360D001B06CA /* Views */ = {
			isa = PBXGroup;
			children = (
				DBE4C0AE2C013673001B06CA /* MoviesPage */,
				DBE4C0AD2C01366D001B06CA /* ProfilePage */,
				DBE4C0AC2C013665001B06CA /* HomePage */,
				DBE4C0BA2C068552001B06CA /* MainView.swift */,
			);
			path = Views;
			sourceTree = "<group>";
		};
		DBE4C0A92C01361E001B06CA /* Utils */ = {
			isa = PBXGroup;
			children = (
				DBE4C0AF2C01368D001B06CA /* Colors.swift */,
			);
			path = Utils;
			sourceTree = "<group>";
		};
		DBE4C0AA2C013625001B06CA /* Resources */ = {
			isa = PBXGroup;
			children = (
			);
			path = Resources;
			sourceTree = "<group>";
		};
		DBE4C0AB2C01363A001B06CA /* Models */ = {
			isa = PBXGroup;
			children = (
				BB121E622C08F97C00D00A5E /* Movie.swift */,
				BB121E662C08FB8100D00A5E /* MoviesViewModel.swift */,
			);
			path = Models;
			sourceTree = "<group>";
		};
		DBE4C0AC2C013665001B06CA /* HomePage */ = {
			isa = PBXGroup;
			children = (
				DBE4C0B42C013838001B06CA /* HomePage.swift */,
			);
			path = HomePage;
			sourceTree = "<group>";
		};
		DBE4C0AD2C01366D001B06CA /* ProfilePage */ = {
			isa = PBXGroup;
			children = (
				DBE4C0B82C0683DA001B06CA /* ProfilePage.swift */,
			);
			path = ProfilePage;
			sourceTree = "<group>";
		};
		DBE4C0AE2C013673001B06CA /* MoviesPage */ = {
			isa = PBXGroup;
			children = (
				BB6067982C09174500F9195A /* MovieDetailView.swift */,
				DBE4C0B62C0683CD001B06CA /* MoviesPage.swift */,
			);
			path = MoviesPage;
			sourceTree = "<group>";
		};
/* End PBXGroup section */

/* Begin PBXNativeTarget section */
		DB419A902BFBC0FF00C676FC /* BetterBoxd */ = {
			isa = PBXNativeTarget;
			buildConfigurationList = DB419A9F2BFBC10200C676FC /* Build configuration list for PBXNativeTarget "BetterBoxd" */;
			buildPhases = (
				DB419A8D2BFBC0FF00C676FC /* Sources */,
				DB419A8E2BFBC0FF00C676FC /* Frameworks */,
				DB419A8F2BFBC0FF00C676FC /* Resources */,
			);
			buildRules = (
			);
			dependencies = (
			);
			name = BetterBoxd;
			productName = BetterBoxd;
			productReference = DB419A912BFBC0FF00C676FC /* BetterBoxd.app */;
			productType = "com.apple.product-type.application";
		};
/* End PBXNativeTarget section */

/* Begin PBXProject section */
		DB419A892BFBC0FF00C676FC /* Project object */ = {
			isa = PBXProject;
			attributes = {
				BuildIndependentTargetsInParallel = 1;
				LastSwiftUpdateCheck = 1540;
				LastUpgradeCheck = 1540;
				TargetAttributes = {
					DB419A902BFBC0FF00C676FC = {
						CreatedOnToolsVersion = 15.4;
					};
				};
			};
			buildConfigurationList = DB419A8C2BFBC0FF00C676FC /* Build configuration list for PBXProject "BetterBoxd" */;
			compatibilityVersion = "Xcode 14.0";
			developmentRegion = en;
			hasScannedForEncodings = 0;
			knownRegions = (
				en,
				Base,
			);
			mainGroup = DB419A882BFBC0FF00C676FC;
			productRefGroup = DB419A922BFBC0FF00C676FC /* Products */;
			projectDirPath = "";
			projectRoot = "";
			targets = (
				DB419A902BFBC0FF00C676FC /* BetterBoxd */,
			);
		};
/* End PBXProject section */

/* Begin PBXResourcesBuildPhase section */
		DB419A8F2BFBC0FF00C676FC /* Resources */ = {
			isa = PBXResourcesBuildPhase;
			buildActionMask = 2147483647;
			files = (
				DB419A9C2BFBC10200C676FC /* Preview Assets.xcassets in Resources */,
				DB419A992BFBC10200C676FC /* Assets.xcassets in Resources */,
				DB55D3362C0938D6003647CA /* info.plist in Resources */,
			);
			runOnlyForDeploymentPostprocessing = 0;
		};
/* End PBXResourcesBuildPhase section */

/* Begin PBXSourcesBuildPhase section */
		DB419A8D2BFBC0FF00C676FC /* Sources */ = {
			isa = PBXSourcesBuildPhase;
			buildActionMask = 2147483647;
			files = (
				BB121E632C08F97C00D00A5E /* Movie.swift in Sources */,
				DBE4C0B52C013838001B06CA /* HomePage.swift in Sources */,
				DBE4C0BB2C068552001B06CA /* MainView.swift in Sources */,
				BB6067992C09174500F9195A /* MovieDetailView.swift in Sources */,
				DB419A952BFBC0FF00C676FC /* BetterBoxdApp.swift in Sources */,
				DBE4C0B92C0683DA001B06CA /* ProfilePage.swift in Sources */,
				DBE4C0B02C01368D001B06CA /* Colors.swift in Sources */,
				DBE4C0B72C0683CD001B06CA /* MoviesPage.swift in Sources */,
				BB121E672C08FB8100D00A5E /* MoviesViewModel.swift in Sources */,
			);
			runOnlyForDeploymentPostprocessing = 0;
		};
/* End PBXSourcesBuildPhase section */

/* Begin XCBuildConfiguration section */
		DB419A9D2BFBC10200C676FC /* Debug */ = {
			isa = XCBuildConfiguration;
			buildSettings = {
				ALWAYS_SEARCH_USER_PATHS = NO;
				ASSETCATALOG_COMPILER_GENERATE_SWIFT_ASSET_SYMBOL_EXTENSIONS = YES;
				CLANG_ANALYZER_NONNULL = YES;
				CLANG_ANALYZER_NUMBER_OBJECT_CONVERSION = YES_AGGRESSIVE;
				CLANG_CXX_LANGUAGE_STANDARD = "gnu++20";
				CLANG_ENABLE_MODULES = YES;
				CLANG_ENABLE_OBJC_ARC = YES;
				CLANG_ENABLE_OBJC_WEAK = YES;
				CLANG_WARN_BLOCK_CAPTURE_AUTORELEASING = YES;
				CLANG_WARN_BOOL_CONVERSION = YES;
				CLANG_WARN_COMMA = YES;
				CLANG_WARN_CONSTANT_CONVERSION = YES;
				CLANG_WARN_DEPRECATED_OBJC_IMPLEMENTATIONS = YES;
				CLANG_WARN_DIRECT_OBJC_ISA_USAGE = YES_ERROR;
				CLANG_WARN_DOCUMENTATION_COMMENTS = YES;
				CLANG_WARN_EMPTY_BODY = YES;
				CLANG_WARN_ENUM_CONVERSION = YES;
				CLANG_WARN_INFINITE_RECURSION = YES;
				CLANG_WARN_INT_CONVERSION = YES;
				CLANG_WARN_NON_LITERAL_NULL_CONVERSION = YES;
				CLANG_WARN_OBJC_IMPLICIT_RETAIN_SELF = YES;
				CLANG_WARN_OBJC_LITERAL_CONVERSION = YES;
				CLANG_WARN_OBJC_ROOT_CLASS = YES_ERROR;
				CLANG_WARN_QUOTED_INCLUDE_IN_FRAMEWORK_HEADER = YES;
				CLANG_WARN_RANGE_LOOP_ANALYSIS = YES;
				CLANG_WARN_STRICT_PROTOTYPES = YES;
				CLANG_WARN_SUSPICIOUS_MOVE = YES;
				CLANG_WARN_UNGUARDED_AVAILABILITY = YES_AGGRESSIVE;
				CLANG_WARN_UNREACHABLE_CODE = YES;
				CLANG_WARN__DUPLICATE_METHOD_MATCH = YES;
				COPY_PHASE_STRIP = NO;
				DEBUG_INFORMATION_FORMAT = dwarf;
				ENABLE_STRICT_OBJC_MSGSEND = YES;
				ENABLE_TESTABILITY = YES;
				ENABLE_USER_SCRIPT_SANDBOXING = YES;
				GCC_C_LANGUAGE_STANDARD = gnu17;
				GCC_DYNAMIC_NO_PIC = NO;
				GCC_NO_COMMON_BLOCKS = YES;
				GCC_OPTIMIZATION_LEVEL = 0;
				GCC_PREPROCESSOR_DEFINITIONS = (
					"DEBUG=1",
					"$(inherited)",
				);
				GCC_WARN_64_TO_32_BIT_CONVERSION = YES;
				GCC_WARN_ABOUT_RETURN_TYPE = YES_ERROR;
				GCC_WARN_UNDECLARED_SELECTOR = YES;
				GCC_WARN_UNINITIALIZED_AUTOS = YES_AGGRESSIVE;
				GCC_WARN_UNUSED_FUNCTION = YES;
				GCC_WARN_UNUSED_VARIABLE = YES;
				IPHONEOS_DEPLOYMENT_TARGET = 17.5;
				LOCALIZATION_PREFERS_STRING_CATALOGS = YES;
				MTL_ENABLE_DEBUG_INFO = INCLUDE_SOURCE;
				MTL_FAST_MATH = YES;
				ONLY_ACTIVE_ARCH = YES;
				SDKROOT = iphoneos;
				SWIFT_ACTIVE_COMPILATION_CONDITIONS = "DEBUG $(inherited)";
				SWIFT_OPTIMIZATION_LEVEL = "-Onone";
			};
			name = Debug;
		};
		DB419A9E2BFBC10200C676FC /* Release */ = {
			isa = XCBuildConfiguration;
			buildSettings = {
				ALWAYS_SEARCH_USER_PATHS = NO;
				ASSETCATALOG_COMPILER_GENERATE_SWIFT_ASSET_SYMBOL_EXTENSIONS = YES;
				CLANG_ANALYZER_NONNULL = YES;
				CLANG_ANALYZER_NUMBER_OBJECT_CONVERSION = YES_AGGRESSIVE;
				CLANG_CXX_LANGUAGE_STANDARD = "gnu++20";
				CLANG_ENABLE_MODULES = YES;
				CLANG_ENABLE_OBJC_ARC = YES;
				CLANG_ENABLE_OBJC_WEAK = YES;
				CLANG_WARN_BLOCK_CAPTURE_AUTORELEASING = YES;
				CLANG_WARN_BOOL_CONVERSION = YES;
				CLANG_WARN_COMMA = YES;
				CLANG_WARN_CONSTANT_CONVERSION = YES;
				CLANG_WARN_DEPRECATED_OBJC_IMPLEMENTATIONS = YES;
				CLANG_WARN_DIRECT_OBJC_ISA_USAGE = YES_ERROR;
				CLANG_WARN_DOCUMENTATION_COMMENTS = YES;
				CLANG_WARN_EMPTY_BODY = YES;
				CLANG_WARN_ENUM_CONVERSION = YES;
				CLANG_WARN_INFINITE_RECURSION = YES;
				CLANG_WARN_INT_CONVERSION = YES;
				CLANG_WARN_NON_LITERAL_NULL_CONVERSION = YES;
				CLANG_WARN_OBJC_IMPLICIT_RETAIN_SELF = YES;
				CLANG_WARN_OBJC_LITERAL_CONVERSION = YES;
				CLANG_WARN_OBJC_ROOT_CLASS = YES_ERROR;
				CLANG_WARN_QUOTED_INCLUDE_IN_FRAMEWORK_HEADER = YES;
				CLANG_WARN_RANGE_LOOP_ANALYSIS = YES;
				CLANG_WARN_STRICT_PROTOTYPES = YES;
				CLANG_WARN_SUSPICIOUS_MOVE = YES;
				CLANG_WARN_UNGUARDED_AVAILABILITY = YES_AGGRESSIVE;
				CLANG_WARN_UNREACHABLE_CODE = YES;
				CLANG_WARN__DUPLICATE_METHOD_MATCH = YES;
				COPY_PHASE_STRIP = NO;
				DEBUG_INFORMATION_FORMAT = "dwarf-with-dsym";
				ENABLE_NS_ASSERTIONS = NO;
				ENABLE_STRICT_OBJC_MSGSEND = YES;
				ENABLE_USER_SCRIPT_SANDBOXING = YES;
				GCC_C_LANGUAGE_STANDARD = gnu17;
				GCC_NO_COMMON_BLOCKS = YES;
				GCC_WARN_64_TO_32_BIT_CONVERSION = YES;
				GCC_WARN_ABOUT_RETURN_TYPE = YES_ERROR;
				GCC_WARN_UNDECLARED_SELECTOR = YES;
				GCC_WARN_UNINITIALIZED_AUTOS = YES_AGGRESSIVE;
				GCC_WARN_UNUSED_FUNCTION = YES;
				GCC_WARN_UNUSED_VARIABLE = YES;
				IPHONEOS_DEPLOYMENT_TARGET = 17.5;
				LOCALIZATION_PREFERS_STRING_CATALOGS = YES;
				MTL_ENABLE_DEBUG_INFO = NO;
				MTL_FAST_MATH = YES;
				SDKROOT = iphoneos;
				SWIFT_COMPILATION_MODE = wholemodule;
				VALIDATE_PRODUCT = YES;
			};
			name = Release;
		};
		DB419AA02BFBC10200C676FC /* Debug */ = {
			isa = XCBuildConfiguration;
			buildSettings = {
				ASSETCATALOG_COMPILER_APPICON_NAME = AppIcon;
				ASSETCATALOG_COMPILER_GLOBAL_ACCENT_COLOR_NAME = AccentColor;
				CODE_SIGN_STYLE = Automatic;
				CURRENT_PROJECT_VERSION = 1;
				DEVELOPMENT_ASSET_PATHS = "\"BetterBoxd/Preview Content\"";
				DEVELOPMENT_TEAM = FV8X8GGK72;
				ENABLE_PREVIEWS = YES;
				GENERATE_INFOPLIST_FILE = YES;
				INFOPLIST_FILE = BetterBoxd/Info.plist;
				INFOPLIST_KEY_UIApplicationSceneManifest_Generation = YES;
				INFOPLIST_KEY_UIApplicationSupportsIndirectInputEvents = YES;
				INFOPLIST_KEY_UILaunchScreen_Generation = YES;
				INFOPLIST_KEY_UISupportedInterfaceOrientations_iPad = "UIInterfaceOrientationPortrait UIInterfaceOrientationPortraitUpsideDown UIInterfaceOrientationLandscapeLeft UIInterfaceOrientationLandscapeRight";
				INFOPLIST_KEY_UISupportedInterfaceOrientations_iPhone = "UIInterfaceOrientationPortrait UIInterfaceOrientationLandscapeLeft UIInterfaceOrientationLandscapeRight";
				LD_RUNPATH_SEARCH_PATHS = (
					"$(inherited)",
					"@executable_path/Frameworks",
				);
				MARKETING_VERSION = 1.0;
				PRODUCT_BUNDLE_IDENTIFIER = edu.uw.ischool.shiina12.BetterBoxd;
				PRODUCT_NAME = "$(TARGET_NAME)";
				SWIFT_EMIT_LOC_STRINGS = YES;
				SWIFT_VERSION = 5.0;
				TARGETED_DEVICE_FAMILY = "1,2";
			};
			name = Debug;
		};
		DB419AA12BFBC10200C676FC /* Release */ = {
			isa = XCBuildConfiguration;
			buildSettings = {
				ASSETCATALOG_COMPILER_APPICON_NAME = AppIcon;
				ASSETCATALOG_COMPILER_GLOBAL_ACCENT_COLOR_NAME = AccentColor;
				CODE_SIGN_STYLE = Automatic;
				CURRENT_PROJECT_VERSION = 1;
				DEVELOPMENT_ASSET_PATHS = "\"BetterBoxd/Preview Content\"";
				DEVELOPMENT_TEAM = FV8X8GGK72;
				ENABLE_PREVIEWS = YES;
				GENERATE_INFOPLIST_FILE = YES;
				INFOPLIST_FILE = BetterBoxd/Info.plist;
				INFOPLIST_KEY_UIApplicationSceneManifest_Generation = YES;
				INFOPLIST_KEY_UIApplicationSupportsIndirectInputEvents = YES;
				INFOPLIST_KEY_UILaunchScreen_Generation = YES;
				INFOPLIST_KEY_UISupportedInterfaceOrientations_iPad = "UIInterfaceOrientationPortrait UIInterfaceOrientationPortraitUpsideDown UIInterfaceOrientationLandscapeLeft UIInterfaceOrientationLandscapeRight";
				INFOPLIST_KEY_UISupportedInterfaceOrientations_iPhone = "UIInterfaceOrientationPortrait UIInterfaceOrientationLandscapeLeft UIInterfaceOrientationLandscapeRight";
				LD_RUNPATH_SEARCH_PATHS = (
					"$(inherited)",
					"@executable_path/Frameworks",
				);
				MARKETING_VERSION = 1.0;
				PRODUCT_BUNDLE_IDENTIFIER = edu.uw.ischool.shiina12.BetterBoxd;
				PRODUCT_NAME = "$(TARGET_NAME)";
				SWIFT_EMIT_LOC_STRINGS = YES;
				SWIFT_VERSION = 5.0;
				TARGETED_DEVICE_FAMILY = "1,2";
			};
			name = Release;
		};
/* End XCBuildConfiguration section */

/* Begin XCConfigurationList section */
		DB419A8C2BFBC0FF00C676FC /* Build configuration list for PBXProject "BetterBoxd" */ = {
			isa = XCConfigurationList;
			buildConfigurations = (
				DB419A9D2BFBC10200C676FC /* Debug */,
				DB419A9E2BFBC10200C676FC /* Release */,
			);
			defaultConfigurationIsVisible = 0;
			defaultConfigurationName = Release;
		};
		DB419A9F2BFBC10200C676FC /* Build configuration list for PBXNativeTarget "BetterBoxd" */ = {
			isa = XCConfigurationList;
			buildConfigurations = (
				DB419AA02BFBC10200C676FC /* Debug */,
				DB419AA12BFBC10200C676FC /* Release */,
			);
			defaultConfigurationIsVisible = 0;
			defaultConfigurationName = Release;
		};
/* End XCConfigurationList section */
	};
	rootObject = DB419A892BFBC0FF00C676FC /* Project object */;
}
